
Microsoft Visual Studio Solution File, Format Version 12.00
# Visual Studio Version 16
VisualStudioVersion = 16.0.30002.166
MinimumVisualStudioVersion = 10.0.40219.1
Project("{FAE04EC0-301F-11D3-BF4B-00C04F79EFBC}") = "SimpleBlockchain", "SimpleBlockchain\SimpleBlockchain.csproj", "{100B17DF-E9F7-4B0E-82DB-00577A37AE5E}"
EndProject
Global
	GlobalSection(SolutionConfigurationPlatforms) = preSolution
		Debug|Any CPU = Debug|Any CPU
		Release|Any CPU = Release|Any CPU
	EndGlobalSection
	GlobalSection(ProjectConfigurationPlatforms) = postSolution
		{100B17DF-E9F7-4B0E-82DB-00577A37AE5E}.Debug|Any CPU.ActiveCfg = Debug|Any CPU
		{100B17DF-E9F7-4B0E-82DB-00577A37AE5E}.Debug|Any CPU.Build.0 = Debug|Any CPU
		{100B17DF-E9F7-4B0E-82DB-00577A37AE5E}.Release|Any CPU.ActiveCfg = Release|Any CPU
		{100B17DF-E9F7-4B0E-82DB-00577A37AE5E}.Release|Any CPU.Build.0 = Release|Any CPU
	EndGlobalSection
	GlobalSection(SolutionProperties) = preSolution
		HideSolutionNode = FALSE
	EndGlobalSection
	GlobalSection(ExtensibilityGlobals) = postSolution
		SolutionGuid = {6AF56C7B-71AF-4E1E-933C-768D849103D0}
	EndGlobalSection
EndGlobal
